
Microsoft Visual Studio Solution File, Format Version 12.00
# Visual Studio Version 17
VisualStudioVersion = 17.10.34928.147
MinimumVisualStudioVersion = 10.0.40219.1
Project("{FAE04EC0-301F-11D3-BF4B-00C04F79EFBC}") = "Chapter12", "Chapter12.csproj", "{6B4C2E38-88CF-41E8-88C2-D4B011AD262F}"
EndProject
Global
	GlobalSection(SolutionConfigurationPlatforms) = preSolution
		Debug|Any CPU = Debug|Any CPU
		Release|Any CPU = Release|Any CPU
	EndGlobalSection
	GlobalSection(ProjectConfigurationPlatforms) = postSolution
		{6B4C2E38-88CF-41E8-88C2-D4B011AD262F}.Debug|Any CPU.ActiveCfg = Debug|Any CPU
		{6B4C2E38-88CF-41E8-88C2-D4B011AD262F}.Debug|Any CPU.Build.0 = Debug|Any CPU
		{6B4C2E38-88CF-41E8-88C2-D4B011AD262F}.Release|Any CPU.ActiveCfg = Release|Any CPU
		{6B4C2E38-88CF-41E8-88C2-D4B011AD262F}.Release|Any CPU.Build.0 = Release|Any CPU
	EndGlobalSection
	GlobalSection(SolutionProperties) = preSolution
		HideSolutionNode = FALSE
	EndGlobalSection
	GlobalSection(ExtensibilityGlobals) = postSolution
		SolutionGuid = {634B3494-FAD2-4DE9-A143-2C91FA55B349}
	EndGlobalSection
EndGlobal
