
Microsoft Visual Studio Solution File, Format Version 12.00
# Visual Studio Version 17
VisualStudioVersion = 17.10.34928.147
MinimumVisualStudioVersion = 10.0.40219.1
Project("{FAE04EC0-301F-11D3-BF4B-00C04F79EFBC}") = "COMInterop", "COMInterop.csproj", "{166F8B56-A29E-4802-B71E-B8C05ABB808E}"
EndProject
Global
	GlobalSection(SolutionConfigurationPlatforms) = preSolution
		Debug|Any CPU = Debug|Any CPU
		Release|Any CPU = Release|Any CPU
	EndGlobalSection
	GlobalSection(ProjectConfigurationPlatforms) = postSolution
		{166F8B56-A29E-4802-B71E-B8C05ABB808E}.Debug|Any CPU.ActiveCfg = Debug|Any CPU
		{166F8B56-A29E-4802-B71E-B8C05ABB808E}.Debug|Any CPU.Build.0 = Debug|Any CPU
		{166F8B56-A29E-4802-B71E-B8C05ABB808E}.Release|Any CPU.ActiveCfg = Release|Any CPU
		{166F8B56-A29E-4802-B71E-B8C05ABB808E}.Release|Any CPU.Build.0 = Release|Any CPU
	EndGlobalSection
	GlobalSection(SolutionProperties) = preSolution
		HideSolutionNode = FALSE
	EndGlobalSection
	GlobalSection(ExtensibilityGlobals) = postSolution
		SolutionGuid = {0D451BAB-5551-4457-BAC5-DBDDFDE6864B}
	EndGlobalSection
EndGlobal
